
Microsoft Visual Studio Solution File, Format Version 12.00
Project("{FAE04EC0-301F-11D3-BF4B-00C04F79EFBC}") = "leitor-arquivos", "leitor-arquivos\leitor-arquivos.csproj", "{9A0B8E9E-DC2C-482E-9141-D759D8B4A6EB}"
EndProject
Global
	GlobalSection(SolutionConfigurationPlatforms) = preSolution
		Debug|Any CPU = Debug|Any CPU
		Release|Any CPU = Release|Any CPU
	EndGlobalSection
	GlobalSection(ProjectConfigurationPlatforms) = postSolution
		{9A0B8E9E-DC2C-482E-9141-D759D8B4A6EB}.Debug|Any CPU.ActiveCfg = Debug|Any CPU
		{9A0B8E9E-DC2C-482E-9141-D759D8B4A6EB}.Debug|Any CPU.Build.0 = Debug|Any CPU
		{9A0B8E9E-DC2C-482E-9141-D759D8B4A6EB}.Release|Any CPU.ActiveCfg = Release|Any CPU
		{9A0B8E9E-DC2C-482E-9141-D759D8B4A6EB}.Release|Any CPU.Build.0 = Release|Any CPU
	EndGlobalSection
EndGlobal
